{
  "name": "y",
  "version": "1.0.0",
  "lockfileVersion": 1,
  "requires": true,
  "dependencies": {
    "@vant/weapp": {
      "version": "1.6.3",
      "resolved": "https://registry.npmjs.org/@vant/weapp/-/weapp-1.6.3.tgz",
      "integrity": "sha512-XlyaJNrYXqnhGthF5lm3xnrDRj/u8PtyJ9zZZE1P/lOEt8oTqgGXOqXt2C6sojXe56fHYLOzZX5a4Vr4s3M+9g=="
    },
    "wx-axios-promise": {
      "version": "2.4.1",
      "resolved": "https://registry.npmjs.org/wx-axios-promise/-/wx-axios-promise-2.4.1.tgz",
      "integrity": "sha512-hbzQKsBxhjSZzDg59rULXZ7eLqgBVtSOLc5gOgobsK5R9Uhn16hyZE9BzocdvUfujSTfUH/XJAp0e9mtc3fvOQ=="
    }
  }
}
